PODS:
  - Charts (3.5.0):
    - Charts/Core (= 3.5.0)
  - Charts/Core (3.5.0)
  - lottie-ios (2.5.3)

DEPENDENCIES:
  - Charts
  - lottie-ios (= 2.5.3)

SPEC REPOS:
  trunk:
    - Charts
    - lottie-ios

SPEC CHECKSUMS:
  Charts: 40a08591df1f8ad5c223ddedfb1a06da92f24f7c
  lottie-ios: a50d5c0160425cd4b01b852bb9578963e6d92d31

PODFILE CHECKSUM: 0ac78432684b39a7ff700a4004f5a3f51b8911e5

COCOAPODS: 1.9.3
